
Microsoft Visual Studio Solution File, Format Version 12.00
# Visual Studio Version 17
VisualStudioVersion = 17.4.33403.182
MinimumVisualStudioVersion = 10.0.40219.1
Project("{FAE04EC0-301F-11D3-BF4B-00C04F79EFBC}") = "TestGit", "TestGit\TestGit.csproj", "{A1BBF77B-A308-4FFE-9D1D-1551D2D14F10}"
EndProject
Global
	GlobalSection(SolutionConfigurationPlatforms) = preSolution
		Debug|Any CPU = Debug|Any CPU
		Release|Any CPU = Release|Any CPU
	EndGlobalSection
	GlobalSection(ProjectConfigurationPlatforms) = postSolution
		{A1BBF77B-A308-4FFE-9D1D-1551D2D14F10}.Debug|Any CPU.ActiveCfg = Debug|Any CPU
		{A1BBF77B-A308-4FFE-9D1D-1551D2D14F10}.Debug|Any CPU.Build.0 = Debug|Any CPU
		{A1BBF77B-A308-4FFE-9D1D-1551D2D14F10}.Release|Any CPU.ActiveCfg = Release|Any CPU
		{A1BBF77B-A308-4FFE-9D1D-1551D2D14F10}.Release|Any CPU.Build.0 = Release|Any CPU
	EndGlobalSection
	GlobalSection(SolutionProperties) = preSolution
		HideSolutionNode = FALSE
	EndGlobalSection
	GlobalSection(ExtensibilityGlobals) = postSolution
		SolutionGuid = {72AE09D9-0BF4-44D4-94D1-8C000CB94C61}
	EndGlobalSection
EndGlobal
